
Microsoft Visual Studio Solution File, Format Version 12.00
# Visual Studio 15
VisualStudioVersion = 15.0.28307.852
MinimumVisualStudioVersion = 10.0.40219.1
Project("{FAE04EC0-301F-11D3-BF4B-00C04F79EFBC}") = "TwitterKata", "TwitterKata\TwitterKata.csproj", "{9785378C-E054-423B-B1F1-6AC81954DC09}"
EndProject
Project("{FAE04EC0-301F-11D3-BF4B-00C04F79EFBC}") = "TwitterKataTests", "TwitterKataTests\TwitterKataTests.csproj", "{A3D1AB54-2106-4806-9CE6-7A305998D5F9}"
EndProject
Global
	GlobalSection(SolutionConfigurationPlatforms) = preSolution
		Debug|Any CPU = Debug|Any CPU
		Release|Any CPU = Release|Any CPU
	EndGlobalSection
	GlobalSection(ProjectConfigurationPlatforms) = postSolution
		{9785378C-E054-423B-B1F1-6AC81954DC09}.Debug|Any CPU.ActiveCfg = Debug|Any CPU
		{9785378C-E054-423B-B1F1-6AC81954DC09}.Debug|Any CPU.Build.0 = Debug|Any CPU
		{9785378C-E054-423B-B1F1-6AC81954DC09}.Release|Any CPU.ActiveCfg = Release|Any CPU
		{9785378C-E054-423B-B1F1-6AC81954DC09}.Release|Any CPU.Build.0 = Release|Any CPU
		{A3D1AB54-2106-4806-9CE6-7A305998D5F9}.Debug|Any CPU.ActiveCfg = Debug|Any CPU
		{A3D1AB54-2106-4806-9CE6-7A305998D5F9}.Debug|Any CPU.Build.0 = Debug|Any CPU
		{A3D1AB54-2106-4806-9CE6-7A305998D5F9}.Release|Any CPU.ActiveCfg = Release|Any CPU
		{A3D1AB54-2106-4806-9CE6-7A305998D5F9}.Release|Any CPU.Build.0 = Release|Any CPU
	EndGlobalSection
	GlobalSection(SolutionProperties) = preSolution
		HideSolutionNode = FALSE
	EndGlobalSection
	GlobalSection(ExtensibilityGlobals) = postSolution
		SolutionGuid = {384F7FC7-443F-4995-B0FF-FACCA0F06002}
	EndGlobalSection
EndGlobal
